Microsoft Visual Studio Solution File, Format Version 12.00
# Visual Studio Version 18
VisualStudioVersion = 18.5.11723.231 stable
MinimumVisualStudioVersion = 10.0.40219.1
Project("{9A19103F-16F7-4668-BE54-9A1E7A4F7556}") = "CleanSample.Domain", "CleanSample.Domain\CleanSample.Domain.csproj", "{1C3F3A4E-5B2F-4C1F-8A3F-6D2E1B5C9A1F}"
EndProject
Project("{9A19103F-16F7-4668-BE54-9A1E7A4F7556}") = "CleanSample.Application", "CleanSample.Application\CleanSample.Application.csproj", "{DE052302-9551-4E21-8ED8-E8F46A9A2127}"
EndProject
Project("{9A19103F-16F7-4668-BE54-9A1E7A4F7556}") = "CleanSample.Infrastructure", "CleanSample.Infrastructure\CleanSample.Infrastructure.csproj", "{03ACAB97-0843-4489-A63B-824F3E23C00F}"
EndProject
Project("{9A19103F-16F7-4668-BE54-9A1E7A4F7556}") = "CleanSample.Presentation", "CleanSample.Presentation\CleanSample.Presentation.csproj", "{CF258D46-D4F2-4939-9D37-89D56404FF14}"
EndProject
Global
	GlobalSection(SolutionConfigurationPlatforms) = preSolution
		Debug|Any CPU = Debug|Any CPU
		Release|Any CPU = Release|Any CPU
	EndGlobalSection
	GlobalSection(ProjectConfigurationPlatforms) = postSolution
		{1C3F3A4E-5B2F-4C1F-8A3F-6D2E1B5C9A1F}.Debug|Any CPU.ActiveCfg = Debug|Any CPU
		{1C3F3A4E-5B2F-4C1F-8A3F-6D2E1B5C9A1F}.Debug|Any CPU.Build.0 = Debug|Any CPU
		{1C3F3A4E-5B2F-4C1F-8A3F-6D2E1B5C9A1F}.Release|Any CPU.ActiveCfg = Release|Any CPU
		{1C3F3A4E-5B2F-4C1F-8A3F-6D2E1B5C9A1F}.Release|Any CPU.Build.0 = Release|Any CPU
		{DE052302-9551-4E21-8ED8-E8F46A9A2127}.Debug|Any CPU.ActiveCfg = Debug|Any CPU
		{DE052302-9551-4E21-8ED8-E8F46A9A2127}.Debug|Any CPU.Build.0 = Debug|Any CPU
		{DE052302-9551-4E21-8ED8-E8F46A9A2127}.Release|Any CPU.ActiveCfg = Release|Any CPU
		{DE052302-9551-4E21-8ED8-E8F46A9A2127}.Release|Any CPU.Build.0 = Release|Any CPU
		{03ACAB97-0843-4489-A63B-824F3E23C00F}.Debug|Any CPU.ActiveCfg = Debug|Any CPU
		{03ACAB97-0843-4489-A63B-824F3E23C00F}.Debug|Any CPU.Build.0 = Debug|Any CPU
		{03ACAB97-0843-4489-A63B-824F3E23C00F}.Release|Any CPU.ActiveCfg = Release|Any CPU
		{03ACAB97-0843-4489-A63B-824F3E23C00F}.Release|Any CPU.Build.0 = Release|Any CPU
		{CF258D46-D4F2-4939-9D37-89D56404FF14}.Debug|Any CPU.ActiveCfg = Debug|Any CPU
		{CF258D46-D4F2-4939-9D37-89D56404FF14}.Debug|Any CPU.Build.0 = Debug|Any CPU
		{CF258D46-D4F2-4939-9D37-89D56404FF14}.Release|Any CPU.ActiveCfg = Release|Any CPU
		{CF258D46-D4F2-4939-9D37-89D56404FF14}.Release|Any CPU.Build.0 = Release|Any CPU
	EndGlobalSection
	GlobalSection(SolutionProperties) = preSolution
		HideSolutionNode = FALSE
	EndGlobalSection
EndGlobal
